
Microsoft Visual Studio Solution File, Format Version 12.00
# Visual Studio Version 17
VisualStudioVersion = 17.0.31912.275
MinimumVisualStudioVersion = 10.0.40219.1
Project("{9A19103F-16F7-4668-BE54-9A1E7A4F7556}") = "TestUtils", "TestUtils\TestUtils.csproj", "{5BBA0026-2BD9-47B1-9B3C-1E5C762D2A8D}"
EndProject
Project("{2150E333-8FDC-42A3-9474-1A3956D46DE8}") = "Tests", "Tests", "{B71514A4-AA29-4997-9816-7F0883EA6B56}"
EndProject
Project("{9A19103F-16F7-4668-BE54-9A1E7A4F7556}") = "Slysoft.RestResource", "Slysoft.RestResource\Slysoft.RestResource.csproj", "{620F2ABE-F2E7-4837-B35D-072C1B9FB777}"
EndProject
Project("{9A19103F-16F7-4668-BE54-9A1E7A4F7556}") = "Slysoft.RestResource.HalXml", "Slysoft.RestResource.HalXml\Slysoft.RestResource.HalXml.csproj", "{B6CFD288-0E7A-4347-8B69-5380D7F213E5}"
EndProject
Project("{9A19103F-16F7-4668-BE54-9A1E7A4F7556}") = "Slysoft.RestResource.HalJson", "Slysoft.RestResource.HalJson\Slysoft.RestResource.HalJson.csproj", "{3EFE732E-FE6F-44B2-8ED0-4CFDFCCFD0E3}"
EndProject
Project("{9A19103F-16F7-4668-BE54-9A1E7A4F7556}") = "Slysoft.RestResource.HalJson.Tests", "Slysoft.RestResource.HalJson.Tests\Slysoft.RestResource.HalJson.Tests.csproj", "{912D11EB-3F7B-48FA-92FB-9BCC66200CCF}"
EndProject
Project("{9A19103F-16F7-4668-BE54-9A1E7A4F7556}") = "Slysoft.RestResource.HalXml.Tests", "Slysoft.RestResource.HalXml.Tests\Slysoft.RestResource.HalXml.Tests.csproj", "{414AF6D6-DDDC-44C1-B8D0-96584251F985}"
EndProject
Project("{9A19103F-16F7-4668-BE54-9A1E7A4F7556}") = "Slysoft.RestResource.Tests", "Slysoft.RestResource.Tests\Slysoft.RestResource.Tests.csproj", "{F8176255-BA06-4BA9-B3D9-1D9B83E23940}"
EndProject
Project("{2150E333-8FDC-42A3-9474-1A3956D46DE8}") = "TestApps", "TestApps", "{D029C52E-72D3-438D-ACFB-8D73F2A1686F}"
EndProject
Project("{9A19103F-16F7-4668-BE54-9A1E7A4F7556}") = "WebTest", "WebTest\WebTest.csproj", "{C9382555-ED60-4192-9A75-BF9E67A011A2}"
EndProject
Project("{9A19103F-16F7-4668-BE54-9A1E7A4F7556}") = "Slysoft.RestResource.AspNetCoreUtils", "Slysoft.RestResource.AspNetCoreUtils\Slysoft.RestResource.AspNetCoreUtils.csproj", "{4E520854-2880-4148-86C2-87441BB7F0FD}"
EndProject
Project("{9A19103F-16F7-4668-BE54-9A1E7A4F7556}") = "Slysoft.RestResource.Html", "Slysoft.RestResource.Html\Slysoft.RestResource.Html.csproj", "{0D81871A-5222-4ADE-A6A9-3621A597B4C8}"
EndProject
Project("{9A19103F-16F7-4668-BE54-9A1E7A4F7556}") = "Slysoft.RestResource.Client.Tests", "Slysoft.RestResource.Client.Tests\Slysoft.RestResource.Client.Tests.csproj", "{63E260A8-33DA-4949-AE01-AAD1820FB139}"
EndProject
Project("{9A19103F-16F7-4668-BE54-9A1E7A4F7556}") = "Slysoft.RestResource.Client", "Slysoft.RestResource.Client\Slysoft.RestResource.Client.csproj", "{5141BC92-3F45-4928-A67B-524141888A79}"
EndProject
Project("{9A19103F-16F7-4668-BE54-9A1E7A4F7556}") = "Slysoft.RestResource.Client.Tests.Common", "Slysoft.RestResource.Client.Tests.Common\Slysoft.RestResource.Client.Tests.Common.csproj", "{548AD971-A321-472D-BBA5-F0687239AF42}"
EndProject
Project("{FAE04EC0-301F-11D3-BF4B-00C04F79EFBC}") = "Slysoft.RestResource.Client.Tests.NetFramework", "Slysoft.RestResource.Client.Tests.NetFramework\Slysoft.RestResource.Client.Tests.NetFramework.csproj", "{30EEB775-80D3-4E65-85E6-983BE7A6FB35}"
EndProject
Project("{FAE04EC0-301F-11D3-BF4B-00C04F79EFBC}") = "ClientTest", "ClientTest\ClientTest.csproj", "{86E87D81-212A-4ED8-9EF7-2A24C02CAEBA}"
	ProjectSection(ProjectDependencies) = postProject
		{C9382555-ED60-4192-9A75-BF9E67A011A2} = {C9382555-ED60-4192-9A75-BF9E67A011A2}
	EndProjectSection
EndProject
Global
	GlobalSection(SolutionConfigurationPlatforms) = preSolution
		Debug|Any CPU = Debug|Any CPU
		Release|Any CPU = Release|Any CPU
	EndGlobalSection
	GlobalSection(ProjectConfigurationPlatforms) = postSolution
		{5BBA0026-2BD9-47B1-9B3C-1E5C762D2A8D}.Debug|Any CPU.ActiveCfg = Debug|Any CPU
		{5BBA0026-2BD9-47B1-9B3C-1E5C762D2A8D}.Debug|Any CPU.Build.0 = Debug|Any CPU
		{5BBA0026-2BD9-47B1-9B3C-1E5C762D2A8D}.Release|Any CPU.ActiveCfg = Release|Any CPU
		{5BBA0026-2BD9-47B1-9B3C-1E5C762D2A8D}.Release|Any CPU.Build.0 = Release|Any CPU
		{620F2ABE-F2E7-4837-B35D-072C1B9FB777}.Debug|Any CPU.ActiveCfg = Debug|Any CPU
		{620F2ABE-F2E7-4837-B35D-072C1B9FB777}.Debug|Any CPU.Build.0 = Debug|Any CPU
		{620F2ABE-F2E7-4837-B35D-072C1B9FB777}.Release|Any CPU.ActiveCfg = Release|Any CPU
		{620F2ABE-F2E7-4837-B35D-072C1B9FB777}.Release|Any CPU.Build.0 = Release|Any CPU
		{B6CFD288-0E7A-4347-8B69-5380D7F213E5}.Debug|Any CPU.ActiveCfg = Debug|Any CPU
		{B6CFD288-0E7A-4347-8B69-5380D7F213E5}.Debug|Any CPU.Build.0 = Debug|Any CPU
		{B6CFD288-0E7A-4347-8B69-5380D7F213E5}.Release|Any CPU.ActiveCfg = Release|Any CPU
		{B6CFD288-0E7A-4347-8B69-5380D7F213E5}.Release|Any CPU.Build.0 = Release|Any CPU
		{3EFE732E-FE6F-44B2-8ED0-4CFDFCCFD0E3}.Debug|Any CPU.ActiveCfg = Debug|Any CPU
		{3EFE732E-FE6F-44B2-8ED0-4CFDFCCFD0E3}.Debug|Any CPU.Build.0 = Debug|Any CPU
		{3EFE732E-FE6F-44B2-8ED0-4CFDFCCFD0E3}.Release|Any CPU.ActiveCfg = Release|Any CPU
		{3EFE732E-FE6F-44B2-8ED0-4CFDFCCFD0E3}.Release|Any CPU.Build.0 = Release|Any CPU
		{912D11EB-3F7B-48FA-92FB-9BCC66200CCF}.Debug|Any CPU.ActiveCfg = Debug|Any CPU
		{912D11EB-3F7B-48FA-92FB-9BCC66200CCF}.Debug|Any CPU.Build.0 = Debug|Any CPU
		{912D11EB-3F7B-48FA-92FB-9BCC66200CCF}.Release|Any CPU.ActiveCfg = Release|Any CPU
		{912D11EB-3F7B-48FA-92FB-9BCC66200CCF}.Release|Any CPU.Build.0 = Release|Any CPU
		{414AF6D6-DDDC-44C1-B8D0-96584251F985}.Debug|Any CPU.ActiveCfg = Debug|Any CPU
		{414AF6D6-DDDC-44C1-B8D0-96584251F985}.Debug|Any CPU.Build.0 = Debug|Any CPU
		{414AF6D6-DDDC-44C1-B8D0-96584251F985}.Release|Any CPU.ActiveCfg = Release|Any CPU
		{414AF6D6-DDDC-44C1-B8D0-96584251F985}.Release|Any CPU.Build.0 = Release|Any CPU
		{F8176255-BA06-4BA9-B3D9-1D9B83E23940}.Debug|Any CPU.ActiveCfg = Debug|Any CPU
		{F8176255-BA06-4BA9-B3D9-1D9B83E23940}.Debug|Any CPU.Build.0 = Debug|Any CPU
		{F8176255-BA06-4BA9-B3D9-1D9B83E23940}.Release|Any CPU.ActiveCfg = Release|Any CPU
		{F8176255-BA06-4BA9-B3D9-1D9B83E23940}.Release|Any CPU.Build.0 = Release|Any CPU
		{C9382555-ED60-4192-9A75-BF9E67A011A2}.Debug|Any CPU.ActiveCfg = Debug|Any CPU
		{C9382555-ED60-4192-9A75-BF9E67A011A2}.Debug|Any CPU.Build.0 = Debug|Any CPU
		{C9382555-ED60-4192-9A75-BF9E67A011A2}.Release|Any CPU.ActiveCfg = Release|Any CPU
		{C9382555-ED60-4192-9A75-BF9E67A011A2}.Release|Any CPU.Build.0 = Release|Any CPU
		{4E520854-2880-4148-86C2-87441BB7F0FD}.Debug|Any CPU.ActiveCfg = Debug|Any CPU
		{4E520854-2880-4148-86C2-87441BB7F0FD}.Debug|Any CPU.Build.0 = Debug|Any CPU
		{4E520854-2880-4148-86C2-87441BB7F0FD}.Release|Any CPU.ActiveCfg = Release|Any CPU
		{4E520854-2880-4148-86C2-87441BB7F0FD}.Release|Any CPU.Build.0 = Release|Any CPU
		{0D81871A-5222-4ADE-A6A9-3621A597B4C8}.Debug|Any CPU.ActiveCfg = Debug|Any CPU
		{0D81871A-5222-4ADE-A6A9-3621A597B4C8}.Debug|Any CPU.Build.0 = Debug|Any CPU
		{0D81871A-5222-4ADE-A6A9-3621A597B4C8}.Release|Any CPU.ActiveCfg = Release|Any CPU
		{0D81871A-5222-4ADE-A6A9-3621A597B4C8}.Release|Any CPU.Build.0 = Release|Any CPU
		{63E260A8-33DA-4949-AE01-AAD1820FB139}.Debug|Any CPU.ActiveCfg = Debug|Any CPU
		{63E260A8-33DA-4949-AE01-AAD1820FB139}.Debug|Any CPU.Build.0 = Debug|Any CPU
		{63E260A8-33DA-4949-AE01-AAD1820FB139}.Release|Any CPU.ActiveCfg = Release|Any CPU
		{63E260A8-33DA-4949-AE01-AAD1820FB139}.Release|Any CPU.Build.0 = Release|Any CPU
		{5141BC92-3F45-4928-A67B-524141888A79}.Debug|Any CPU.ActiveCfg = Debug|Any CPU
		{5141BC92-3F45-4928-A67B-524141888A79}.Debug|Any CPU.Build.0 = Debug|Any CPU
		{5141BC92-3F45-4928-A67B-524141888A79}.Release|Any CPU.ActiveCfg = Release|Any CPU
		{5141BC92-3F45-4928-A67B-524141888A79}.Release|Any CPU.Build.0 = Release|Any CPU
		{548AD971-A321-472D-BBA5-F0687239AF42}.Debug|Any CPU.ActiveCfg = Debug|Any CPU
		{548AD971-A321-472D-BBA5-F0687239AF42}.Debug|Any CPU.Build.0 = Debug|Any CPU
		{548AD971-A321-472D-BBA5-F0687239AF42}.Release|Any CPU.ActiveCfg = Release|Any CPU
		{548AD971-A321-472D-BBA5-F0687239AF42}.Release|Any CPU.Build.0 = Release|Any CPU
		{30EEB775-80D3-4E65-85E6-983BE7A6FB35}.Debug|Any CPU.ActiveCfg = Debug|Any CPU
		{30EEB775-80D3-4E65-85E6-983BE7A6FB35}.Debug|Any CPU.Build.0 = Debug|Any CPU
		{30EEB775-80D3-4E65-85E6-983BE7A6FB35}.Release|Any CPU.ActiveCfg = Release|Any CPU
		{30EEB775-80D3-4E65-85E6-983BE7A6FB35}.Release|Any CPU.Build.0 = Release|Any CPU
		{86E87D81-212A-4ED8-9EF7-2A24C02CAEBA}.Debug|Any CPU.ActiveCfg = Debug|Any CPU
		{86E87D81-212A-4ED8-9EF7-2A24C02CAEBA}.Debug|Any CPU.Build.0 = Debug|Any CPU
		{86E87D81-212A-4ED8-9EF7-2A24C02CAEBA}.Release|Any CPU.ActiveCfg = Release|Any CPU
		{86E87D81-212A-4ED8-9EF7-2A24C02CAEBA}.Release|Any CPU.Build.0 = Release|Any CPU
	EndGlobalSection
	GlobalSection(SolutionProperties) = preSolution
		HideSolutionNode = FALSE
	EndGlobalSection
	GlobalSection(NestedProjects) = preSolution
		{5BBA0026-2BD9-47B1-9B3C-1E5C762D2A8D} = {B71514A4-AA29-4997-9816-7F0883EA6B56}
		{912D11EB-3F7B-48FA-92FB-9BCC66200CCF} = {B71514A4-AA29-4997-9816-7F0883EA6B56}
		{414AF6D6-DDDC-44C1-B8D0-96584251F985} = {B71514A4-AA29-4997-9816-7F0883EA6B56}
		{F8176255-BA06-4BA9-B3D9-1D9B83E23940} = {B71514A4-AA29-4997-9816-7F0883EA6B56}
		{C9382555-ED60-4192-9A75-BF9E67A011A2} = {D029C52E-72D3-438D-ACFB-8D73F2A1686F}
		{63E260A8-33DA-4949-AE01-AAD1820FB139} = {B71514A4-AA29-4997-9816-7F0883EA6B56}
		{548AD971-A321-472D-BBA5-F0687239AF42} = {B71514A4-AA29-4997-9816-7F0883EA6B56}
		{30EEB775-80D3-4E65-85E6-983BE7A6FB35} = {B71514A4-AA29-4997-9816-7F0883EA6B56}
		{86E87D81-212A-4ED8-9EF7-2A24C02CAEBA} = {D029C52E-72D3-438D-ACFB-8D73F2A1686F}
	EndGlobalSection
	GlobalSection(ExtensibilityGlobals) = postSolution
		SolutionGuid = {8A1F6999-C6A8-4741-A1B5-F2C3693FAF5F}
	EndGlobalSection
EndGlobal
