
Microsoft Visual Studio Solution File, Format Version 12.00
# Visual Studio Version 17
VisualStudioVersion = 17.0.31912.275
MinimumVisualStudioVersion = 10.0.40219.1
Project("{FAE04EC0-301F-11D3-BF4B-00C04F79EFBC}") = "SlySoft.Resource", "SlySoft.Resource\SlySoft.Resource.csproj", "{7CA2A100-CB3E-4809-BDBB-542200437687}"
EndProject
Project("{FAE04EC0-301F-11D3-BF4B-00C04F79EFBC}") = "Resource.Tests", "Resource.Tests\Resource.Tests.csproj", "{21B3111E-CF84-4340-A30B-5D5A5625A0AA}"
EndProject
Global
	GlobalSection(SolutionConfigurationPlatforms) = preSolution
		Debug|Any CPU = Debug|Any CPU
		Release|Any CPU = Release|Any CPU
	EndGlobalSection
	GlobalSection(ProjectConfigurationPlatforms) = postSolution
		{7CA2A100-CB3E-4809-BDBB-542200437687}.Debug|Any CPU.ActiveCfg = Debug|Any CPU
		{7CA2A100-CB3E-4809-BDBB-542200437687}.Debug|Any CPU.Build.0 = Debug|Any CPU
		{7CA2A100-CB3E-4809-BDBB-542200437687}.Release|Any CPU.ActiveCfg = Release|Any CPU
		{7CA2A100-CB3E-4809-BDBB-542200437687}.Release|Any CPU.Build.0 = Release|Any CPU
		{21B3111E-CF84-4340-A30B-5D5A5625A0AA}.Debug|Any CPU.ActiveCfg = Debug|Any CPU
		{21B3111E-CF84-4340-A30B-5D5A5625A0AA}.Debug|Any CPU.Build.0 = Debug|Any CPU
		{21B3111E-CF84-4340-A30B-5D5A5625A0AA}.Release|Any CPU.ActiveCfg = Release|Any CPU
		{21B3111E-CF84-4340-A30B-5D5A5625A0AA}.Release|Any CPU.Build.0 = Release|Any CPU
	EndGlobalSection
	GlobalSection(SolutionProperties) = preSolution
		HideSolutionNode = FALSE
	EndGlobalSection
	GlobalSection(ExtensibilityGlobals) = postSolution
		SolutionGuid = {8A1F6999-C6A8-4741-A1B5-F2C3693FAF5F}
	EndGlobalSection
EndGlobal
